// !$*UTF8*$!
{
	archiveVersion = 1;
	classes = {
	};
	objectVersion = 56;
	objects = {

/* Begin PBXBuildFile section */
		1F51A77B2927851300D1941C /* TwitterUser.swift in Sources */ = {isa = PBXBuildFile; fileRef = 1F51A77A2927851300D1941C /* TwitterUser.swift */; };
		1F51A77D2927875300D1941C /* DatabaseManager.swift in Sources */ = {isa = PBXBuildFile; fileRef = 1F51A77C2927875300D1941C /* DatabaseManager.swift */; };
		1F51A77F29278E0700D1941C /* HomeViewModel.swift in Sources */ = {isa = PBXBuildFile; fileRef = 1F51A77E29278E0700D1941C /* HomeViewModel.swift */; };
		1F51A7812927956900D1941C /* ProfileDataFormViewController.swift in Sources */ = {isa = PBXBuildFile; fileRef = 1F51A7802927956900D1941C /* ProfileDataFormViewController.swift */; };
		1F51A783292796E200D1941C /* ProfileDataFormViewModel.swift in Sources */ = {isa = PBXBuildFile; fileRef = 1F51A782292796E200D1941C /* ProfileDataFormViewModel.swift */; };
		1F541812292643F80095E63B /* AuthenticationViewModel.swift in Sources */ = {isa = PBXBuildFile; fileRef = 1F541811292643F80095E63B /* AuthenticationViewModel.swift */; };
		1F5418142926495C0095E63B /* String+Ext.swift in Sources */ = {isa = PBXBuildFile; fileRef = 1F5418132926495C0095E63B /* String+Ext.swift */; };
		1F54181929266D620095E63B /* HapticsManager.swift in Sources */ = {isa = PBXBuildFile; fileRef = 1F54181829266D620095E63B /* HapticsManager.swift */; };
		1F5A3EE629269C8300447076 /* LoginViewController.swift in Sources */ = {isa = PBXBuildFile; fileRef = 1F5A3EE529269C8300447076 /* LoginViewController.swift */; };
		1F5FD24A292132140047139B /* TweetTableViewCell.swift in Sources */ = {isa = PBXBuildFile; fileRef = 1F5FD249292132140047139B /* TweetTableViewCell.swift */; };
		1F803E6A2921A740007CAE32 /* ProfileViewController.swift in Sources */ = {isa = PBXBuildFile; fileRef = 1F803E692921A740007CAE32 /* ProfileViewController.swift */; };
		1F80A23B292435E600655E48 /* GoogleService-Info.plist in Resources */ = {isa = PBXBuildFile; fileRef = 1F80A23A292435E600655E48 /* GoogleService-Info.plist */; };
		1F80A23E29243AAE00655E48 /* FirebaseAuth in Frameworks */ = {isa = PBXBuildFile; productRef = 1F80A23D29243AAE00655E48 /* FirebaseAuth */; };
		1F80A24029243AAE00655E48 /* FirebaseAuthCombine-Community in Frameworks */ = {isa = PBXBuildFile; productRef = 1F80A23F29243AAE00655E48 /* FirebaseAuthCombine-Community */; };
		1F80A24229243AAE00655E48 /* FirebaseDatabase in Frameworks */ = {isa = PBXBuildFile; productRef = 1F80A24129243AAE00655E48 /* FirebaseDatabase */; };
		1F80A24429243AAE00655E48 /* FirebaseDatabaseSwift in Frameworks */ = {isa = PBXBuildFile; productRef = 1F80A24329243AAE00655E48 /* FirebaseDatabaseSwift */; };
		1F80A24629243AAE00655E48 /* FirebaseFirestore in Frameworks */ = {isa = PBXBuildFile; productRef = 1F80A24529243AAE00655E48 /* FirebaseFirestore */; };
		1F80A24829243AAE00655E48 /* FirebaseFirestoreCombine-Community in Frameworks */ = {isa = PBXBuildFile; productRef = 1F80A24729243AAE00655E48 /* FirebaseFirestoreCombine-Community */; };
		1F80A24A29243AAE00655E48 /* FirebaseFirestoreSwift in Frameworks */ = {isa = PBXBuildFile; productRef = 1F80A24929243AAE00655E48 /* FirebaseFirestoreSwift */; };
		1F80A24C29243AAE00655E48 /* FirebaseStorage in Frameworks */ = {isa = PBXBuildFile; productRef = 1F80A24B29243AAE00655E48 /* FirebaseStorage */; };
		1F80A24E29243AAE00655E48 /* FirebaseStorageCombine-Community in Frameworks */ = {isa = PBXBuildFile; productRef = 1F80A24D29243AAE00655E48 /* FirebaseStorageCombine-Community */; };
		1F84B595293387E800B129CF /* ProfileViewModel.swift in Sources */ = {isa = PBXBuildFile; fileRef = 1F84B594293387E800B129CF /* ProfileViewModel.swift */; };
		1F84B5982933919600B129CF /* SDWebImage in Frameworks */ = {isa = PBXBuildFile; productRef = 1F84B5972933919600B129CF /* SDWebImage */; };
		1F86858D2920322D00F83BF5 /* AppDelegate.swift in Sources */ = {isa = PBXBuildFile; fileRef = 1F86858C2920322D00F83BF5 /* AppDelegate.swift */; };
		1F86858F2920322D00F83BF5 /* SceneDelegate.swift in Sources */ = {isa = PBXBuildFile; fileRef = 1F86858E2920322D00F83BF5 /* SceneDelegate.swift */; };
		1F8685912920322D00F83BF5 /* TabBarController.swift in Sources */ = {isa = PBXBuildFile; fileRef = 1F8685902920322D00F83BF5 /* TabBarController.swift */; };
		1F8685962920322E00F83BF5 /* Assets.xcassets in Resources */ = {isa = PBXBuildFile; fileRef = 1F8685952920322E00F83BF5 /* Assets.xcassets */; };
		1F8685992920322E00F83BF5 /* LaunchScreen.storyboard in Resources */ = {isa = PBXBuildFile; fileRef = 1F8685972920322E00F83BF5 /* LaunchScreen.storyboard */; };
		1F8685A52920354C00F83BF5 /* HomeViewController.swift in Sources */ = {isa = PBXBuildFile; fileRef = 1F8685A42920354C00F83BF5 /* HomeViewController.swift */; };
		1F8685A72920356700F83BF5 /* SearchViewController.swift in Sources */ = {isa = PBXBuildFile; fileRef = 1F8685A62920356700F83BF5 /* SearchViewController.swift */; };
		1F8685A92920359200F83BF5 /* NotificationsViewController.swift in Sources */ = {isa = PBXBuildFile; fileRef = 1F8685A82920359200F83BF5 /* NotificationsViewController.swift */; };
		1F8685AB292035B700F83BF5 /* DirectMessagesViewController.swift in Sources */ = {isa = PBXBuildFile; fileRef = 1F8685AA292035B700F83BF5 /* DirectMessagesViewController.swift */; };
		1F8685AD2920373E00F83BF5 /* Resources.swift in Sources */ = {isa = PBXBuildFile; fileRef = 1F8685AC2920373E00F83BF5 /* Resources.swift */; };
		1F8685B0292043AA00F83BF5 /* UIView+Ext.swift in Sources */ = {isa = PBXBuildFile; fileRef = 1F8685AF292043AA00F83BF5 /* UIView+Ext.swift */; };
		1FDC3BDE2925110F009CDEAA /* AuthManager.swift in Sources */ = {isa = PBXBuildFile; fileRef = 1FDC3BDD2925110F009CDEAA /* AuthManager.swift */; };
		1FDC3BE129251347009CDEAA /* OnboardingViewController.swift in Sources */ = {isa = PBXBuildFile; fileRef = 1FDC3BE029251347009CDEAA /* OnboardingViewController.swift */; };
		1FDC3BE3292534DD009CDEAA /* RegisterViewController.swift in Sources */ = {isa = PBXBuildFile; fileRef = 1FDC3BE2292534DD009CDEAA /* RegisterViewController.swift */; };
		1FDC3BE5292572E0009CDEAA /* UIViewController+Ext.swift in Sources */ = {isa = PBXBuildFile; fileRef = 1FDC3BE4292572E0009CDEAA /* UIViewController+Ext.swift */; };
		1FF2CE8D29321FF3009E44D9 /* StorageManager.swift in Sources */ = {isa = PBXBuildFile; fileRef = 1FF2CE8C29321FF3009E44D9 /* StorageManager.swift */; };
		1FF3F97B292247E600ED0B37 /* ProfileTableViewHeader.swift in Sources */ = {isa = PBXBuildFile; fileRef = 1FF3F97A292247E600ED0B37 /* ProfileTableViewHeader.swift */; };
		1FF3F97E2922580300ED0B37 /* CommunitiesViewController.swift in Sources */ = {isa = PBXBuildFile; fileRef = 1FF3F97D2922580300ED0B37 /* CommunitiesViewController.swift */; };
/* End PBXBuildFile section */

/* Begin PBXFileReference section */
		1F51A77A2927851300D1941C /* TwitterUser.swift */ = {isa = PBXFileReference; lastKnownFileType = sourcecode.swift; path = TwitterUser.swift; sourceTree = "<group>"; };
		1F51A77C2927875300D1941C /* DatabaseManager.swift */ = {isa = PBXFileReference; lastKnownFileType = sourcecode.swift; path = DatabaseManager.swift; sourceTree = "<group>"; };
		1F51A77E29278E0700D1941C /* HomeViewModel.swift */ = {isa = PBXFileReference; lastKnownFileType = sourcecode.swift; path = HomeViewModel.swift; sourceTree = "<group>"; };
		1F51A7802927956900D1941C /* ProfileDataFormViewController.swift */ = {isa = PBXFileReference; lastKnownFileType = sourcecode.swift; path = ProfileDataFormViewController.swift; sourceTree = "<group>"; };
		1F51A782292796E200D1941C /* ProfileDataFormViewModel.swift */ = {isa = PBXFileReference; lastKnownFileType = sourcecode.swift; path = ProfileDataFormViewModel.swift; sourceTree = "<group>"; };
		1F541811292643F80095E63B /* AuthenticationViewModel.swift */ = {isa = PBXFileReference; lastKnownFileType = sourcecode.swift; path = AuthenticationViewModel.swift; sourceTree = "<group>"; };
		1F5418132926495C0095E63B /* String+Ext.swift */ = {isa = PBXFileReference; lastKnownFileType = sourcecode.swift; path = "String+Ext.swift"; sourceTree = "<group>"; };
		1F54181829266D620095E63B /* HapticsManager.swift */ = {isa = PBXFileReference; lastKnownFileType = sourcecode.swift; path = HapticsManager.swift; sourceTree = "<group>"; };
		1F5A3EE529269C8300447076 /* LoginViewController.swift */ = {isa = PBXFileReference; lastKnownFileType = sourcecode.swift; path = LoginViewController.swift; sourceTree = "<group>"; };
		1F5FD249292132140047139B /* TweetTableViewCell.swift */ = {isa = PBXFileReference; lastKnownFileType = sourcecode.swift; path = TweetTableViewCell.swift; sourceTree = "<group>"; };
		1F803E692921A740007CAE32 /* ProfileViewController.swift */ = {isa = PBXFileReference; lastKnownFileType = sourcecode.swift; path = ProfileViewController.swift; sourceTree = "<group>"; };
		1F80A23A292435E600655E48 /* GoogleService-Info.plist */ = {isa = PBXFileReference; fileEncoding = 4; lastKnownFileType = text.plist.xml; path = "GoogleService-Info.plist"; sourceTree = "<group>"; };
		1F84B594293387E800B129CF /* ProfileViewModel.swift */ = {isa = PBXFileReference; lastKnownFileType = sourcecode.swift; path = ProfileViewModel.swift; sourceTree = "<group>"; };
		1F8685892920322D00F83BF5 /* Twitter.app */ = {isa = PBXFileReference; explicitFileType = wrapper.application; includeInIndex = 0; path = Twitter.app; sourceTree = BUILT_PRODUCTS_DIR; };
		1F86858C2920322D00F83BF5 /* AppDelegate.swift */ = {isa = PBXFileReference; lastKnownFileType = sourcecode.swift; path = AppDelegate.swift; sourceTree = "<group>"; };
		1F86858E2920322D00F83BF5 /* SceneDelegate.swift */ = {isa = PBXFileReference; lastKnownFileType = sourcecode.swift; path = SceneDelegate.swift; sourceTree = "<group>"; };
		1F8685902920322D00F83BF5 /* TabBarController.swift */ = {isa = PBXFileReference; lastKnownFileType = sourcecode.swift; path = TabBarController.swift; sourceTree = "<group>"; };
		1F8685952920322E00F83BF5 /* Assets.xcassets */ = {isa = PBXFileReference; lastKnownFileType = folder.assetcatalog; path = Assets.xcassets; sourceTree = "<group>"; };
		1F8685982920322E00F83BF5 /* Base */ = {isa = PBXFileReference; lastKnownFileType = file.storyboard; name = Base; path = Base.lproj/LaunchScreen.storyboard; sourceTree = "<group>"; };
		1F86859A2920322E00F83BF5 /* Info.plist */ = {isa = PBXFileReference; lastKnownFileType = text.plist.xml; path = Info.plist; sourceTree = "<group>"; };
		1F8685A42920354C00F83BF5 /* HomeViewController.swift */ = {isa = PBXFileReference; lastKnownFileType = sourcecode.swift; path = HomeViewController.swift; sourceTree = "<group>"; };
		1F8685A62920356700F83BF5 /* SearchViewController.swift */ = {isa = PBXFileReference; lastKnownFileType = sourcecode.swift; path = SearchViewController.swift; sourceTree = "<group>"; };
		1F8685A82920359200F83BF5 /* NotificationsViewController.swift */ = {isa = PBXFileReference; lastKnownFileType = sourcecode.swift; path = NotificationsViewController.swift; sourceTree = "<group>"; };
		1F8685AA292035B700F83BF5 /* DirectMessagesViewController.swift */ = {isa = PBXFileReference; lastKnownFileType = sourcecode.swift; path = DirectMessagesViewController.swift; sourceTree = "<group>"; };
		1F8685AC2920373E00F83BF5 /* Resources.swift */ = {isa = PBXFileReference; lastKnownFileType = sourcecode.swift; path = Resources.swift; sourceTree = "<group>"; };
		1F8685AF292043AA00F83BF5 /* UIView+Ext.swift */ = {isa = PBXFileReference; lastKnownFileType = sourcecode.swift; path = "UIView+Ext.swift"; sourceTree = "<group>"; };
		1FDC3BDD2925110F009CDEAA /* AuthManager.swift */ = {isa = PBXFileReference; lastKnownFileType = sourcecode.swift; path = AuthManager.swift; sourceTree = "<group>"; };
		1FDC3BE029251347009CDEAA /* OnboardingViewController.swift */ = {isa = PBXFileReference; lastKnownFileType = sourcecode.swift; path = OnboardingViewController.swift; sourceTree = "<group>"; };
		1FDC3BE2292534DD009CDEAA /* RegisterViewController.swift */ = {isa = PBXFileReference; lastKnownFileType = sourcecode.swift; path = RegisterViewController.swift; sourceTree = "<group>"; };
		1FDC3BE4292572E0009CDEAA /* UIViewController+Ext.swift */ = {isa = PBXFileReference; lastKnownFileType = sourcecode.swift; path = "UIViewController+Ext.swift"; sourceTree = "<group>"; };
		1FF2CE8C29321FF3009E44D9 /* StorageManager.swift */ = {isa = PBXFileReference; lastKnownFileType = sourcecode.swift; path = StorageManager.swift; sourceTree = "<group>"; };
		1FF3F97A292247E600ED0B37 /* ProfileTableViewHeader.swift */ = {isa = PBXFileReference; lastKnownFileType = sourcecode.swift; path = ProfileTableViewHeader.swift; sourceTree = "<group>"; };
		1FF3F97D2922580300ED0B37 /* CommunitiesViewController.swift */ = {isa = PBXFileReference; lastKnownFileType = sourcecode.swift; path = CommunitiesViewController.swift; sourceTree = "<group>"; };
/* End PBXFileReference section */

/* Begin PBXFrameworksBuildPhase section */
		1F8685862920322D00F83BF5 /* Frameworks */ = {
			isa = PBXFrameworksBuildPhase;
			buildActionMask = 2147483647;
			files = (
				1F80A24429243AAE00655E48 /* FirebaseDatabaseSwift in Frameworks */,
				1F80A24229243AAE00655E48 /* FirebaseDatabase in Frameworks */,
				1F80A23E29243AAE00655E48 /* FirebaseAuth in Frameworks */,
				1F80A24A29243AAE00655E48 /* FirebaseFirestoreSwift in Frameworks */,
				1F84B5982933919600B129CF /* SDWebImage in Frameworks */,
				1F80A24829243AAE00655E48 /* FirebaseFirestoreCombine-Community in Frameworks */,
				1F80A24C29243AAE00655E48 /* FirebaseStorage in Frameworks */,
				1F80A24629243AAE00655E48 /* FirebaseFirestore in Frameworks */,
				1F80A24E29243AAE00655E48 /* FirebaseStorageCombine-Community in Frameworks */,
				1F80A24029243AAE00655E48 /* FirebaseAuthCombine-Community in Frameworks */,
			);
			runOnlyForDeploymentPostprocessing = 0;
		};
/* End PBXFrameworksBuildPhase section */

/* Begin PBXGroup section */
		1F48987D2923F2A000C08021 /* Tab Bar */ = {
			isa = PBXGroup;
			children = (
				1F8685902920322D00F83BF5 /* TabBarController.swift */,
			);
			path = "Tab Bar";
			sourceTree = "<group>";
		};
		1F541810292643AD0095E63B /* ViewModels */ = {
			isa = PBXGroup;
			children = (
				1F541811292643F80095E63B /* AuthenticationViewModel.swift */,
				1F51A77E29278E0700D1941C /* HomeViewModel.swift */,
				1F51A782292796E200D1941C /* ProfileDataFormViewModel.swift */,
				1F84B594293387E800B129CF /* ProfileViewModel.swift */,
			);
			path = ViewModels;
			sourceTree = "<group>";
		};
		1F541815292655B00095E63B /* Models */ = {
			isa = PBXGroup;
			children = (
				1F51A77A2927851300D1941C /* TwitterUser.swift */,
			);
			path = Models;
			sourceTree = "<group>";
		};
		1F5FD248292131E70047139B /* Views */ = {
			isa = PBXGroup;
			children = (
				1FF3F97A292247E600ED0B37 /* ProfileTableViewHeader.swift */,
				1F803E6B2921AD87007CAE32 /* Cells */,
			);
			path = Views;
			sourceTree = "<group>";
		};
		1F803E682921A723007CAE32 /* General */ = {
			isa = PBXGroup;
			children = (
				1F803E692921A740007CAE32 /* ProfileViewController.swift */,
				1F51A7802927956900D1941C /* ProfileDataFormViewController.swift */,
			);
			path = General;
			sourceTree = "<group>";
		};
		1F803E6B2921AD87007CAE32 /* Cells */ = {
			isa = PBXGroup;
			children = (
				1F5FD249292132140047139B /* TweetTableViewCell.swift */,
			);
			path = Cells;
			sourceTree = "<group>";
		};
		1F8685802920322D00F83BF5 = {
			isa = PBXGroup;
			children = (
				1F86858B2920322D00F83BF5 /* Twitter */,
				1F86858A2920322D00F83BF5 /* Products */,
			);
			sourceTree = "<group>";
		};
		1F86858A2920322D00F83BF5 /* Products */ = {
			isa = PBXGroup;
			children = (
				1F8685892920322D00F83BF5 /* Twitter.app */,
			);
			name = Products;
			sourceTree = "<group>";
		};
		1F86858B2920322D00F83BF5 /* Twitter */ = {
			isa = PBXGroup;
			children = (
				1F8685A02920324A00F83BF5 /* App */,
				1FDC3BDC292510D8009CDEAA /* Managers */,
				1F541815292655B00095E63B /* Models */,
				1F541810292643AD0095E63B /* ViewModels */,
				1F5FD248292131E70047139B /* Views */,
				1F8685A22920332D00F83BF5 /* Controllers */,
				1F8685A12920325C00F83BF5 /* Resources */,
				1F8685AE2920439300F83BF5 /* Extensions */,
			);
			path = Twitter;
			sourceTree = "<group>";
		};
		1F8685A02920324A00F83BF5 /* App */ = {
			isa = PBXGroup;
			children = (
				1F86858C2920322D00F83BF5 /* AppDelegate.swift */,
				1F86858E2920322D00F83BF5 /* SceneDelegate.swift */,
			);
			path = App;
			sourceTree = "<group>";
		};
		1F8685A12920325C00F83BF5 /* Resources */ = {
			isa = PBXGroup;
			children = (
				1F86859A2920322E00F83BF5 /* Info.plist */,
				1F80A23A292435E600655E48 /* GoogleService-Info.plist */,
				1F8685AC2920373E00F83BF5 /* Resources.swift */,
				1F8685952920322E00F83BF5 /* Assets.xcassets */,
				1F8685972920322E00F83BF5 /* LaunchScreen.storyboard */,
			);
			path = Resources;
			sourceTree = "<group>";
		};
		1F8685A22920332D00F83BF5 /* Controllers */ = {
			isa = PBXGroup;
			children = (
				1F803E682921A723007CAE32 /* General */,
				1F8685A32920352C00F83BF5 /* Core */,
				1FDC3BDF2925131A009CDEAA /* Auth */,
				1F48987D2923F2A000C08021 /* Tab Bar */,
			);
			path = Controllers;
			sourceTree = "<group>";
		};
		1F8685A32920352C00F83BF5 /* Core */ = {
			isa = PBXGroup;
			children = (
				1F8685A42920354C00F83BF5 /* HomeViewController.swift */,
				1F8685A62920356700F83BF5 /* SearchViewController.swift */,
				1FF3F97D2922580300ED0B37 /* CommunitiesViewController.swift */,
				1F8685A82920359200F83BF5 /* NotificationsViewController.swift */,
				1F8685AA292035B700F83BF5 /* DirectMessagesViewController.swift */,
			);
			path = Core;
			sourceTree = "<group>";
		};
		1F8685AE2920439300F83BF5 /* Extensions */ = {
			isa = PBXGroup;
			children = (
				1F8685AF292043AA00F83BF5 /* UIView+Ext.swift */,
				1FDC3BE4292572E0009CDEAA /* UIViewController+Ext.swift */,
				1F5418132926495C0095E63B /* String+Ext.swift */,
			);
			path = Extensions;
			sourceTree = "<group>";
		};
		1FDC3BDC292510D8009CDEAA /* Managers */ = {
			isa = PBXGroup;
			children = (
				1FDC3BDD2925110F009CDEAA /* AuthManager.swift */,
				1F51A77C2927875300D1941C /* DatabaseManager.swift */,
				1FF2CE8C29321FF3009E44D9 /* StorageManager.swift */,
				1F54181829266D620095E63B /* HapticsManager.swift */,
			);
			path = Managers;
			sourceTree = "<group>";
		};
		1FDC3BDF2925131A009CDEAA /* Auth */ = {
			isa = PBXGroup;
			children = (
				1FDC3BE029251347009CDEAA /* OnboardingViewController.swift */,
				1FDC3BE2292534DD009CDEAA /* RegisterViewController.swift */,
				1F5A3EE529269C8300447076 /* LoginViewController.swift */,
			);
			path = Auth;
			sourceTree = "<group>";
		};
/* End PBXGroup section */

/* Begin PBXNativeTarget section */
		1F8685882920322D00F83BF5 /* Twitter */ = {
			isa = PBXNativeTarget;
			buildConfigurationList = 1F86859D2920322E00F83BF5 /* Build configuration list for PBXNativeTarget "Twitter" */;
			buildPhases = (
				1F8685852920322D00F83BF5 /* Sources */,
				1F8685862920322D00F83BF5 /* Frameworks */,
				1F8685872920322D00F83BF5 /* Resources */,
			);
			buildRules = (
			);
			dependencies = (
			);
			name = Twitter;
			packageProductDependencies = (
				1F80A23D29243AAE00655E48 /* FirebaseAuth */,
				1F80A23F29243AAE00655E48 /* FirebaseAuthCombine-Community */,
				1F80A24129243AAE00655E48 /* FirebaseDatabase */,
				1F80A24329243AAE00655E48 /* FirebaseDatabaseSwift */,
				1F80A24529243AAE00655E48 /* FirebaseFirestore */,
				1F80A24729243AAE00655E48 /* FirebaseFirestoreCombine-Community */,
				1F80A24929243AAE00655E48 /* FirebaseFirestoreSwift */,
				1F80A24B29243AAE00655E48 /* FirebaseStorage */,
				1F80A24D29243AAE00655E48 /* FirebaseStorageCombine-Community */,
				1F84B5972933919600B129CF /* SDWebImage */,
			);
			productName = Twitter;
			productReference = 1F8685892920322D00F83BF5 /* Twitter.app */;
			productType = "com.apple.product-type.application";
		};
/* End PBXNativeTarget section */

/* Begin PBXProject section */
		1F8685812920322D00F83BF5 /* Project object */ = {
			isa = PBXProject;
			attributes = {
				BuildIndependentTargetsInParallel = 1;
				LastSwiftUpdateCheck = 1410;
				LastUpgradeCheck = 1410;
				TargetAttributes = {
					1F8685882920322D00F83BF5 = {
						CreatedOnToolsVersion = 14.1;
					};
				};
			};
			buildConfigurationList = 1F8685842920322D00F83BF5 /* Build configuration list for PBXProject "Twitter" */;
			compatibilityVersion = "Xcode 14.0";
			developmentRegion = en;
			hasScannedForEncodings = 0;
			knownRegions = (
				en,
				Base,
			);
			mainGroup = 1F8685802920322D00F83BF5;
			packageReferences = (
				1F80A23C29243AAE00655E48 /* XCRemoteSwiftPackageReference "firebase-ios-sdk" */,
				1F84B5962933919600B129CF /* XCRemoteSwiftPackageReference "SDWebImage" */,
			);
			productRefGroup = 1F86858A2920322D00F83BF5 /* Products */;
			projectDirPath = "";
			projectRoot = "";
			targets = (
				1F8685882920322D00F83BF5 /* Twitter */,
			);
		};
/* End PBXProject section */

/* Begin PBXResourcesBuildPhase section */
		1F8685872920322D00F83BF5 /* Resources */ = {
			isa = PBXResourcesBuildPhase;
			buildActionMask = 2147483647;
			files = (
				1F8685992920322E00F83BF5 /* LaunchScreen.storyboard in Resources */,
				1F8685962920322E00F83BF5 /* Assets.xcassets in Resources */,
				1F80A23B292435E600655E48 /* GoogleService-Info.plist in Resources */,
			);
			runOnlyForDeploymentPostprocessing = 0;
		};
/* End PBXResourcesBuildPhase section */

/* Begin PBXSourcesBuildPhase section */
		1F8685852920322D00F83BF5 /* Sources */ = {
			isa = PBXSourcesBuildPhase;
			buildActionMask = 2147483647;
			files = (
				1F5A3EE629269C8300447076 /* LoginViewController.swift in Sources */,
				1F8685A72920356700F83BF5 /* SearchViewController.swift in Sources */,
				1FDC3BDE2925110F009CDEAA /* AuthManager.swift in Sources */,
				1FDC3BE5292572E0009CDEAA /* UIViewController+Ext.swift in Sources */,
				1F8685912920322D00F83BF5 /* TabBarController.swift in Sources */,
				1F51A77D2927875300D1941C /* DatabaseManager.swift in Sources */,
				1F84B595293387E800B129CF /* ProfileViewModel.swift in Sources */,
				1F86858D2920322D00F83BF5 /* AppDelegate.swift in Sources */,
				1F5FD24A292132140047139B /* TweetTableViewCell.swift in Sources */,
				1F51A783292796E200D1941C /* ProfileDataFormViewModel.swift in Sources */,
				1F8685A92920359200F83BF5 /* NotificationsViewController.swift in Sources */,
				1F541812292643F80095E63B /* AuthenticationViewModel.swift in Sources */,
				1FF3F97E2922580300ED0B37 /* CommunitiesViewController.swift in Sources */,
				1F51A77B2927851300D1941C /* TwitterUser.swift in Sources */,
				1F86858F2920322D00F83BF5 /* SceneDelegate.swift in Sources */,
				1FDC3BE129251347009CDEAA /* OnboardingViewController.swift in Sources */,
				1F803E6A2921A740007CAE32 /* ProfileViewController.swift in Sources */,
				1F51A7812927956900D1941C /* ProfileDataFormViewController.swift in Sources */,
				1F8685B0292043AA00F83BF5 /* UIView+Ext.swift in Sources */,
				1F5418142926495C0095E63B /* String+Ext.swift in Sources */,
				1FDC3BE3292534DD009CDEAA /* RegisterViewController.swift in Sources */,
				1FF3F97B292247E600ED0B37 /* ProfileTableViewHeader.swift in Sources */,
				1FF2CE8D29321FF3009E44D9 /* StorageManager.swift in Sources */,
				1F51A77F29278E0700D1941C /* HomeViewModel.swift in Sources */,
				1F8685AD2920373E00F83BF5 /* Resources.swift in Sources */,
				1F8685A52920354C00F83BF5 /* HomeViewController.swift in Sources */,
				1F54181929266D620095E63B /* HapticsManager.swift in Sources */,
				1F8685AB292035B700F83BF5 /* DirectMessagesViewController.swift in Sources */,
			);
			runOnlyForDeploymentPostprocessing = 0;
		};
/* End PBXSourcesBuildPhase section */

/* Begin PBXVariantGroup section */
		1F8685972920322E00F83BF5 /* LaunchScreen.storyboard */ = {
			isa = PBXVariantGroup;
			children = (
				1F8685982920322E00F83BF5 /* Base */,
			);
			name = LaunchScreen.storyboard;
			sourceTree = "<group>";
		};
/* End PBXVariantGroup section */

/* Begin XCBuildConfiguration section */
		1F86859B2920322E00F83BF5 /* Debug */ = {
			isa = XCBuildConfiguration;
			buildSettings = {
				ALWAYS_SEARCH_USER_PATHS = NO;
				CLANG_ANALYZER_NONNULL = YES;
				CLANG_ANALYZER_NUMBER_OBJECT_CONVERSION = YES_AGGRESSIVE;
				CLANG_CXX_LANGUAGE_STANDARD = "gnu++20";
				CLANG_ENABLE_MODULES = YES;
				CLANG_ENABLE_OBJC_ARC = YES;
				CLANG_ENABLE_OBJC_WEAK = YES;
				CLANG_WARN_BLOCK_CAPTURE_AUTORELEASING = YES;
				CLANG_WARN_BOOL_CONVERSION = YES;
				CLANG_WARN_COMMA = YES;
				CLANG_WARN_CONSTANT_CONVERSION = YES;
				CLANG_WARN_DEPRECATED_OBJC_IMPLEMENTATIONS = YES;
				CLANG_WARN_DIRECT_OBJC_ISA_USAGE = YES_ERROR;
				CLANG_WARN_DOCUMENTATION_COMMENTS = YES;
				CLANG_WARN_EMPTY_BODY = YES;
				CLANG_WARN_ENUM_CONVERSION = YES;
				CLANG_WARN_INFINITE_RECURSION = YES;
				CLANG_WARN_INT_CONVERSION = YES;
				CLANG_WARN_NON_LITERAL_NULL_CONVERSION = YES;
				CLANG_WARN_OBJC_IMPLICIT_RETAIN_SELF = YES;
				CLANG_WARN_OBJC_LITERAL_CONVERSION = YES;
				CLANG_WARN_OBJC_ROOT_CLASS = YES_ERROR;
				CLANG_WARN_QUOTED_INCLUDE_IN_FRAMEWORK_HEADER = YES;
				CLANG_WARN_RANGE_LOOP_ANALYSIS = YES;
				CLANG_WARN_STRICT_PROTOTYPES = YES;
				CLANG_WARN_SUSPICIOUS_MOVE = YES;
				CLANG_WARN_UNGUARDED_AVAILABILITY = YES_AGGRESSIVE;
				CLANG_WARN_UNREACHABLE_CODE = YES;
				CLANG_WARN__DUPLICATE_METHOD_MATCH = YES;
				COPY_PHASE_STRIP = NO;
				DEBUG_INFORMATION_FORMAT = dwarf;
				ENABLE_STRICT_OBJC_MSGSEND = YES;
				ENABLE_TESTABILITY = YES;
				GCC_C_LANGUAGE_STANDARD = gnu11;
				GCC_DYNAMIC_NO_PIC = NO;
				GCC_NO_COMMON_BLOCKS = YES;
				GCC_OPTIMIZATION_LEVEL = 0;
				GCC_PREPROCESSOR_DEFINITIONS = (
					"DEBUG=1",
					"$(inherited)",
				);
				GCC_WARN_64_TO_32_BIT_CONVERSION = YES;
				GCC_WARN_ABOUT_RETURN_TYPE = YES_ERROR;
				GCC_WARN_UNDECLARED_SELECTOR = YES;
				GCC_WARN_UNINITIALIZED_AUTOS = YES_AGGRESSIVE;
				GCC_WARN_UNUSED_FUNCTION = YES;
				GCC_WARN_UNUSED_VARIABLE = YES;
				IPHONEOS_DEPLOYMENT_TARGET = 16.1;
				MTL_ENABLE_DEBUG_INFO = INCLUDE_SOURCE;
				MTL_FAST_MATH = YES;
				ONLY_ACTIVE_ARCH = YES;
				SDKROOT = iphoneos;
				SWIFT_ACTIVE_COMPILATION_CONDITIONS = DEBUG;
				SWIFT_OPTIMIZATION_LEVEL = "-Onone";
			};
			name = Debug;
		};
		1F86859C2920322E00F83BF5 /* Release */ = {
			isa = XCBuildConfiguration;
			buildSettings = {
				ALWAYS_SEARCH_USER_PATHS = NO;
				CLANG_ANALYZER_NONNULL = YES;
				CLANG_ANALYZER_NUMBER_OBJECT_CONVERSION = YES_AGGRESSIVE;
				CLANG_CXX_LANGUAGE_STANDARD = "gnu++20";
				CLANG_ENABLE_MODULES = YES;
				CLANG_ENABLE_OBJC_ARC = YES;
				CLANG_ENABLE_OBJC_WEAK = YES;
				CLANG_WARN_BLOCK_CAPTURE_AUTORELEASING = YES;
				CLANG_WARN_BOOL_CONVERSION = YES;
				CLANG_WARN_COMMA = YES;
				CLANG_WARN_CONSTANT_CONVERSION = YES;
				CLANG_WARN_DEPRECATED_OBJC_IMPLEMENTATIONS = YES;
				CLANG_WARN_DIRECT_OBJC_ISA_USAGE = YES_ERROR;
				CLANG_WARN_DOCUMENTATION_COMMENTS = YES;
				CLANG_WARN_EMPTY_BODY = YES;
				CLANG_WARN_ENUM_CONVERSION = YES;
				CLANG_WARN_INFINITE_RECURSION = YES;
				CLANG_WARN_INT_CONVERSION = YES;
				CLANG_WARN_NON_LITERAL_NULL_CONVERSION = YES;
				CLANG_WARN_OBJC_IMPLICIT_RETAIN_SELF = YES;
				CLANG_WARN_OBJC_LITERAL_CONVERSION = YES;
				CLANG_WARN_OBJC_ROOT_CLASS = YES_ERROR;
				CLANG_WARN_QUOTED_INCLUDE_IN_FRAMEWORK_HEADER = YES;
				CLANG_WARN_RANGE_LOOP_ANALYSIS = YES;
				CLANG_WARN_STRICT_PROTOTYPES = YES;
				CLANG_WARN_SUSPICIOUS_MOVE = YES;
				CLANG_WARN_UNGUARDED_AVAILABILITY = YES_AGGRESSIVE;
				CLANG_WARN_UNREACHABLE_CODE = YES;
				CLANG_WARN__DUPLICATE_METHOD_MATCH = YES;
				COPY_PHASE_STRIP = NO;
				DEBUG_INFORMATION_FORMAT = "dwarf-with-dsym";
				ENABLE_NS_ASSERTIONS = NO;
				ENABLE_STRICT_OBJC_MSGSEND = YES;
				GCC_C_LANGUAGE_STANDARD = gnu11;
				GCC_NO_COMMON_BLOCKS = YES;
				GCC_WARN_64_TO_32_BIT_CONVERSION = YES;
				GCC_WARN_ABOUT_RETURN_TYPE = YES_ERROR;
				GCC_WARN_UNDECLARED_SELECTOR = YES;
				GCC_WARN_UNINITIALIZED_AUTOS = YES_AGGRESSIVE;
				GCC_WARN_UNUSED_FUNCTION = YES;
				GCC_WARN_UNUSED_VARIABLE = YES;
				IPHONEOS_DEPLOYMENT_TARGET = 16.1;
				MTL_ENABLE_DEBUG_INFO = NO;
				MTL_FAST_MATH = YES;
				SDKROOT = iphoneos;
				SWIFT_COMPILATION_MODE = wholemodule;
				SWIFT_OPTIMIZATION_LEVEL = "-O";
				VALIDATE_PRODUCT = YES;
			};
			name = Release;
		};
		1F86859E2920322E00F83BF5 /* Debug */ = {
			isa = XCBuildConfiguration;
			buildSettings = {
				ASSETCATALOG_COMPILER_APPICON_NAME = AppIcon;
				ASSETCATALOG_COMPILER_GLOBAL_ACCENT_COLOR_NAME = AccentColor;
				CODE_SIGN_STYLE = Automatic;
				CURRENT_PROJECT_VERSION = 1;
				DEVELOPMENT_TEAM = RTJ9N9VRF5;
				GENERATE_INFOPLIST_FILE = YES;
				INFOPLIST_FILE = Twitter/Resources/Info.plist;
				INFOPLIST_KEY_CFBundleDisplayName = Twitter;
				INFOPLIST_KEY_UIApplicationSupportsIndirectInputEvents = YES;
				INFOPLIST_KEY_UILaunchStoryboardName = LaunchScreen;
				INFOPLIST_KEY_UISupportedInterfaceOrientations = UIInterfaceOrientationPortrait;
				INFOPLIST_KEY_UISupportedInterfaceOrientations_iPad = "UIInterfaceOrientationLandscapeLeft UIInterfaceOrientationLandscapeRight UIInterfaceOrientationPortrait UIInterfaceOrientationPortraitUpsideDown";
				LD_RUNPATH_SEARCH_PATHS = (
					"$(inherited)",
					"@executable_path/Frameworks",
				);
				MARKETING_VERSION = 1.0;
				PRODUCT_BUNDLE_IDENTIFIER = com.mikekos.Twitter;
				PRODUCT_NAME = "$(TARGET_NAME)";
				SWIFT_EMIT_LOC_STRINGS = YES;
				SWIFT_VERSION = 5.0;
				TARGETED_DEVICE_FAMILY = "1,2";
			};
			name = Debug;
		};
		1F86859F2920322E00F83BF5 /* Release */ = {
			isa = XCBuildConfiguration;
			buildSettings = {
				ASSETCATALOG_COMPILER_APPICON_NAME = AppIcon;
				ASSETCATALOG_COMPILER_GLOBAL_ACCENT_COLOR_NAME = AccentColor;
				CODE_SIGN_STYLE = Automatic;
				CURRENT_PROJECT_VERSION = 1;
				DEVELOPMENT_TEAM = RTJ9N9VRF5;
				GENERATE_INFOPLIST_FILE = YES;
				INFOPLIST_FILE = Twitter/Resources/Info.plist;
				INFOPLIST_KEY_CFBundleDisplayName = Twitter;
				INFOPLIST_KEY_UIApplicationSupportsIndirectInputEvents = YES;
				INFOPLIST_KEY_UILaunchStoryboardName = LaunchScreen;
				INFOPLIST_KEY_UISupportedInterfaceOrientations = UIInterfaceOrientationPortrait;
				INFOPLIST_KEY_UISupportedInterfaceOrientations_iPad = "UIInterfaceOrientationLandscapeLeft UIInterfaceOrientationLandscapeRight UIInterfaceOrientationPortrait UIInterfaceOrientationPortraitUpsideDown";
				LD_RUNPATH_SEARCH_PATHS = (
					"$(inherited)",
					"@executable_path/Frameworks",
				);
				MARKETING_VERSION = 1.0;
				PRODUCT_BUNDLE_IDENTIFIER = com.mikekos.Twitter;
				PRODUCT_NAME = "$(TARGET_NAME)";
				SWIFT_EMIT_LOC_STRINGS = YES;
				SWIFT_VERSION = 5.0;
				TARGETED_DEVICE_FAMILY = "1,2";
			};
			name = Release;
		};
/* End XCBuildConfiguration section */

/* Begin XCConfigurationList section */
		1F8685842920322D00F83BF5 /* Build configuration list for PBXProject "Twitter" */ = {
			isa = XCConfigurationList;
			buildConfigurations = (
				1F86859B2920322E00F83BF5 /* Debug */,
				1F86859C2920322E00F83BF5 /* Release */,
			);
			defaultConfigurationIsVisible = 0;
			defaultConfigurationName = Release;
		};
		1F86859D2920322E00F83BF5 /* Build configuration list for PBXNativeTarget "Twitter" */ = {
			isa = XCConfigurationList;
			buildConfigurations = (
				1F86859E2920322E00F83BF5 /* Debug */,
				1F86859F2920322E00F83BF5 /* Release */,
			);
			defaultConfigurationIsVisible = 0;
			defaultConfigurationName = Release;
		};
/* End XCConfigurationList section */

/* Begin XCRemoteSwiftPackageReference section */
		1F80A23C29243AAE00655E48 /* XCRemoteSwiftPackageReference "firebase-ios-sdk" */ = {
			isa = XCRemoteSwiftPackageReference;
			repositoryURL = "https://github.com/firebase/firebase-ios-sdk";
			requirement = {
				kind = upToNextMinorVersion;
				minimumVersion = 9.6.0;
			};
		};
		1F84B5962933919600B129CF /* XCRemoteSwiftPackageReference "SDWebImage" */ = {
			isa = XCRemoteSwiftPackageReference;
			repositoryURL = "https://github.com/SDWebImage/SDWebImage.git";
			requirement = {
				branch = master;
				kind = branch;
			};
		};
/* End XCRemoteSwiftPackageReference section */

/* Begin XCSwiftPackageProductDependency section */
		1F80A23D29243AAE00655E48 /* FirebaseAuth */ = {
			isa = XCSwiftPackageProductDependency;
			package = 1F80A23C29243AAE00655E48 /* XCRemoteSwiftPackageReference "firebase-ios-sdk" */;
			productName = FirebaseAuth;
		};
		1F80A23F29243AAE00655E48 /* FirebaseAuthCombine-Community */ = {
			isa = XCSwiftPackageProductDependency;
			package = 1F80A23C29243AAE00655E48 /* XCRemoteSwiftPackageReference "firebase-ios-sdk" */;
			productName = "FirebaseAuthCombine-Community";
		};
		1F80A24129243AAE00655E48 /* FirebaseDatabase */ = {
			isa = XCSwiftPackageProductDependency;
			package = 1F80A23C29243AAE00655E48 /* XCRemoteSwiftPackageReference "firebase-ios-sdk" */;
			productName = FirebaseDatabase;
		};
		1F80A24329243AAE00655E48 /* FirebaseDatabaseSwift */ = {
			isa = XCSwiftPackageProductDependency;
			package = 1F80A23C29243AAE00655E48 /* XCRemoteSwiftPackageReference "firebase-ios-sdk" */;
			productName = FirebaseDatabaseSwift;
		};
		1F80A24529243AAE00655E48 /* FirebaseFirestore */ = {
			isa = XCSwiftPackageProductDependency;
			package = 1F80A23C29243AAE00655E48 /* XCRemoteSwiftPackageReference "firebase-ios-sdk" */;
			productName = FirebaseFirestore;
		};
		1F80A24729243AAE00655E48 /* FirebaseFirestoreCombine-Community */ = {
			isa = XCSwiftPackageProductDependency;
			package = 1F80A23C29243AAE00655E48 /* XCRemoteSwiftPackageReference "firebase-ios-sdk" */;
			productName = "FirebaseFirestoreCombine-Community";
		};
		1F80A24929243AAE00655E48 /* FirebaseFirestoreSwift */ = {
			isa = XCSwiftPackageProductDependency;
			package = 1F80A23C29243AAE00655E48 /* XCRemoteSwiftPackageReference "firebase-ios-sdk" */;
			productName = FirebaseFirestoreSwift;
		};
		1F80A24B29243AAE00655E48 /* FirebaseStorage */ = {
			isa = XCSwiftPackageProductDependency;
			package = 1F80A23C29243AAE00655E48 /* XCRemoteSwiftPackageReference "firebase-ios-sdk" */;
			productName = FirebaseStorage;
		};
		1F80A24D29243AAE00655E48 /* FirebaseStorageCombine-Community */ = {
			isa = XCSwiftPackageProductDependency;
			package = 1F80A23C29243AAE00655E48 /* XCRemoteSwiftPackageReference "firebase-ios-sdk" */;
			productName = "FirebaseStorageCombine-Community";
		};
		1F84B5972933919600B129CF /* SDWebImage */ = {
			isa = XCSwiftPackageProductDependency;
			package = 1F84B5962933919600B129CF /* XCRemoteSwiftPackageReference "SDWebImage" */;
			productName = SDWebImage;
		};
/* End XCSwiftPackageProductDependency section */
	};
	rootObject = 1F8685812920322D00F83BF5 /* Project object */;
}
